
Microsoft Visual Studio Solution File, Format Version 12.00
# Visual Studio 14
VisualStudioVersion = 14.0.25420.1
MinimumVisualStudioVersion = 10.0.40219.1
Project("{FAE04EC0-301F-11D3-BF4B-00C04F79EFBC}") = "AKQA.Common", "AKQA.Common\AKQA.Common.csproj", "{CC18C9F4-0454-4AA1-B290-BB6E57D7850E}"
EndProject
Project("{FAE04EC0-301F-11D3-BF4B-00C04F79EFBC}") = "AKQA.Service", "AKQA.Service\AKQA.Service.csproj", "{B5DBD22F-DD20-4202-A3CC-6F99D093ED84}"
EndProject
Global
	GlobalSection(SolutionConfigurationPlatforms) = preSolution
		Debug|Any CPU = Debug|Any CPU
		Release|Any CPU = Release|Any CPU
	EndGlobalSection
	GlobalSection(ProjectConfigurationPlatforms) = postSolution
		{CC18C9F4-0454-4AA1-B290-BB6E57D7850E}.Debug|Any CPU.ActiveCfg = Debug|Any CPU
		{CC18C9F4-0454-4AA1-B290-BB6E57D7850E}.Debug|Any CPU.Build.0 = Debug|Any CPU
		{CC18C9F4-0454-4AA1-B290-BB6E57D7850E}.Release|Any CPU.ActiveCfg = Release|Any CPU
		{CC18C9F4-0454-4AA1-B290-BB6E57D7850E}.Release|Any CPU.Build.0 = Release|Any CPU
		{B5DBD22F-DD20-4202-A3CC-6F99D093ED84}.Debug|Any CPU.ActiveCfg = Debug|Any CPU
		{B5DBD22F-DD20-4202-A3CC-6F99D093ED84}.Debug|Any CPU.Build.0 = Debug|Any CPU
		{B5DBD22F-DD20-4202-A3CC-6F99D093ED84}.Release|Any CPU.ActiveCfg = Release|Any CPU
		{B5DBD22F-DD20-4202-A3CC-6F99D093ED84}.Release|Any CPU.Build.0 = Release|Any CPU
	EndGlobalSection
	GlobalSection(SolutionProperties) = preSolution
		HideSolutionNode = FALSE
	EndGlobalSection
EndGlobal
